
Microsoft Visual Studio Solution File, Format Version 12.00
# Visual Studio Version 17
VisualStudioVersion = 17.14.36603.0 d17.14
MinimumVisualStudioVersion = 10.0.40219.1
Project("{FAE04EC0-301F-11D3-BF4B-00C04F79EFBC}") = "task3", "task3\task3.csproj", "{205186B7-8BFD-41F8-860A-FBDA9816A9C6}"
EndProject
Global
	GlobalSection(SolutionConfigurationPlatforms) = preSolution
		Debug|Any CPU = Debug|Any CPU
		Release|Any CPU = Release|Any CPU
	EndGlobalSection
	GlobalSection(ProjectConfigurationPlatforms) = postSolution
		{205186B7-8BFD-41F8-860A-FBDA9816A9C6}.Debug|Any CPU.ActiveCfg = Debug|Any CPU
		{205186B7-8BFD-41F8-860A-FBDA9816A9C6}.Debug|Any CPU.Build.0 = Debug|Any CPU
		{205186B7-8BFD-41F8-860A-FBDA9816A9C6}.Release|Any CPU.ActiveCfg = Release|Any CPU
		{205186B7-8BFD-41F8-860A-FBDA9816A9C6}.Release|Any CPU.Build.0 = Release|Any CPU
	EndGlobalSection
	GlobalSection(SolutionProperties) = preSolution
		HideSolutionNode = FALSE
	EndGlobalSection
	GlobalSection(ExtensibilityGlobals) = postSolution
		SolutionGuid = {FFA02A94-6BE9-40DB-A732-DCAD73CCED1F}
	EndGlobalSection
EndGlobal
